
Microsoft Visual Studio Solution File, Format Version 12.00
# Visual Studio Version 17
VisualStudioVersion = 17.11.35222.181
MinimumVisualStudioVersion = 10.0.40219.1
Project("{FAE04EC0-301F-11D3-BF4B-00C04F79EFBC}") = "Задание 4 Абстракция", "Задание 4 Абстракция\Задание 4 Абстракция.csproj", "{FF1EB82C-578C-4C7F-A129-30CCC23A4FF8}"
EndProject
Global
	GlobalSection(SolutionConfigurationPlatforms) = preSolution
		Debug|Any CPU = Debug|Any CPU
		Release|Any CPU = Release|Any CPU
	EndGlobalSection
	GlobalSection(ProjectConfigurationPlatforms) = postSolution
		{FF1EB82C-578C-4C7F-A129-30CCC23A4FF8}.Debug|Any CPU.ActiveCfg = Debug|Any CPU
		{FF1EB82C-578C-4C7F-A129-30CCC23A4FF8}.Debug|Any CPU.Build.0 = Debug|Any CPU
		{FF1EB82C-578C-4C7F-A129-30CCC23A4FF8}.Release|Any CPU.ActiveCfg = Release|Any CPU
		{FF1EB82C-578C-4C7F-A129-30CCC23A4FF8}.Release|Any CPU.Build.0 = Release|Any CPU
	EndGlobalSection
	GlobalSection(SolutionProperties) = preSolution
		HideSolutionNode = FALSE
	EndGlobalSection
	GlobalSection(ExtensibilityGlobals) = postSolution
		SolutionGuid = {8134FAEB-7B6A-4D32-9542-A4445FB69E13}
	EndGlobalSection
EndGlobal
