
Microsoft Visual Studio Solution File, Format Version 12.00
# Visual Studio Version 17
VisualStudioVersion = 17.11.35222.181
MinimumVisualStudioVersion = 10.0.40219.1
Project("{FAE04EC0-301F-11D3-BF4B-00C04F79EFBC}") = "SOLID 2", "SOLID 2\SOLID 2.csproj", "{9856E984-2BD2-46DF-BD05-077B19A32684}"
EndProject
Global
	GlobalSection(SolutionConfigurationPlatforms) = preSolution
		Debug|Any CPU = Debug|Any CPU
		Release|Any CPU = Release|Any CPU
	EndGlobalSection
	GlobalSection(ProjectConfigurationPlatforms) = postSolution
		{9856E984-2BD2-46DF-BD05-077B19A32684}.Debug|Any CPU.ActiveCfg = Debug|Any CPU
		{9856E984-2BD2-46DF-BD05-077B19A32684}.Debug|Any CPU.Build.0 = Debug|Any CPU
		{9856E984-2BD2-46DF-BD05-077B19A32684}.Release|Any CPU.ActiveCfg = Release|Any CPU
		{9856E984-2BD2-46DF-BD05-077B19A32684}.Release|Any CPU.Build.0 = Release|Any CPU
	EndGlobalSection
	GlobalSection(SolutionProperties) = preSolution
		HideSolutionNode = FALSE
	EndGlobalSection
	GlobalSection(ExtensibilityGlobals) = postSolution
		SolutionGuid = {D4FF0736-9F20-4814-857D-6735EB98717D}
	EndGlobalSection
EndGlobal
