
Microsoft Visual Studio Solution File, Format Version 12.00
# Visual Studio Version 17
VisualStudioVersion = 17.11.35222.181
MinimumVisualStudioVersion = 10.0.40219.1
Project("{FAE04EC0-301F-11D3-BF4B-00C04F79EFBC}") = "SOLID 5", "SOLID 5\SOLID 5.csproj", "{8FB1940C-7943-4197-9EC2-45B204DD4B4C}"
EndProject
Global
	GlobalSection(SolutionConfigurationPlatforms) = preSolution
		Debug|Any CPU = Debug|Any CPU
		Release|Any CPU = Release|Any CPU
	EndGlobalSection
	GlobalSection(ProjectConfigurationPlatforms) = postSolution
		{8FB1940C-7943-4197-9EC2-45B204DD4B4C}.Debug|Any CPU.ActiveCfg = Debug|Any CPU
		{8FB1940C-7943-4197-9EC2-45B204DD4B4C}.Debug|Any CPU.Build.0 = Debug|Any CPU
		{8FB1940C-7943-4197-9EC2-45B204DD4B4C}.Release|Any CPU.ActiveCfg = Release|Any CPU
		{8FB1940C-7943-4197-9EC2-45B204DD4B4C}.Release|Any CPU.Build.0 = Release|Any CPU
	EndGlobalSection
	GlobalSection(SolutionProperties) = preSolution
		HideSolutionNode = FALSE
	EndGlobalSection
	GlobalSection(ExtensibilityGlobals) = postSolution
		SolutionGuid = {5417FB73-9C35-44E9-A96D-D19FF334EA0F}
	EndGlobalSection
EndGlobal
